{
  "name": "formdata-polyfill",
  "version": "4.0.1",
  "lockfileVersion": 2,
  "requires": true,
  "packages": {
    "": {
      "name": "formdata-polyfill",
      "version": "4.0.1",
      "license": "MIT",
      "dependencies": {
        "fetch-blob": "^3.0.0"
      }
    },
    "node_modules/fetch-blob": {
      "version": "3.0.0",
      "resolved": "https://registry.npmjs.org/fetch-blob/-/fetch-blob-3.0.0.tgz",
      "integrity": "sha512-zkWSie/M6VryeUOZD9Feeel5PtaB2P7mXTC5fEoRpngVi96e69jP/PA1LagYsBlC2G4tleqWqxoRwC2ttMEy3Q==",
      "funding": [
        {
          "type": "github",
          "url": "https://github.com/sponsors/jimmywarting"
        },
        {
          "type": "paypal",
          "url": "https://paypal.me/jimmywarting"
        }
      ],
      "engines": {
        "node": ">=14.0.0"
      }
    }
  },
  "dependencies": {
    "fetch-blob": {
      "version": "3.0.0",
      "resolved": "https://registry.npmjs.org/fetch-blob/-/fetch-blob-3.0.0.tgz",
      "integrity": "sha512-zkWSie/M6VryeUOZD9Feeel5PtaB2P7mXTC5fEoRpngVi96e69jP/PA1LagYsBlC2G4tleqWqxoRwC2ttMEy3Q=="
    }
  }
}
